// !$*UTF8*$!
{
	archiveVersion = 1;
	classes = {
	};
	objectVersion = 55;
	objects = {

/* Begin PBXBuildFile section */
		9C0B9A40270F691D00DF2B5F /* iChatApp.swift in Sources */ = {isa = PBXBuildFile; fileRef = 9C0B9A3F270F691D00DF2B5F /* iChatApp.swift */; };
		9C0B9A42270F691D00DF2B5F /* SignInView.swift in Sources */ = {isa = PBXBuildFile; fileRef = 9C0B9A41270F691D00DF2B5F /* SignInView.swift */; };
		9C0B9A44270F692100DF2B5F /* Assets.xcassets in Resources */ = {isa = PBXBuildFile; fileRef = 9C0B9A43270F692100DF2B5F /* Assets.xcassets */; };
		9C0B9A47270F692100DF2B5F /* Preview Assets.xcassets in Resources */ = {isa = PBXBuildFile; fileRef = 9C0B9A46270F692100DF2B5F /* Preview Assets.xcassets */; };
		D2194A6D2FB75E78009D20EF /* SignInViewModel.swift in Sources */ = {isa = PBXBuildFile; fileRef = D2194A6C2FB75E78009D20EF /* SignInViewModel.swift */; };
		D2294EC72FB77BE000DDCA2A /* GoogleService-Info.plist in Resources */ = {isa = PBXBuildFile; fileRef = D2294EC62FB77BE000DDCA2A /* GoogleService-Info.plist */; };
		D2294ECA2FB77E1400DDCA2A /* FirebaseCore in Frameworks */ = {isa = PBXBuildFile; productRef = D2294EC92FB77E1400DDCA2A /* FirebaseCore */; };
		D2294ECC2FB77E9B00DDCA2A /* FirebaseAuth in Frameworks */ = {isa = PBXBuildFile; productRef = D2294ECB2FB77E9B00DDCA2A /* FirebaseAuth */; };
		D2294ECE2FB79FC200DDCA2A /* ImagePicker.swift in Sources */ = {isa = PBXBuildFile; fileRef = D2294ECD2FB79FC200DDCA2A /* ImagePicker.swift */; };
		D2294ED02FB7A5FD00DDCA2A /* FirebaseStorage in Frameworks */ = {isa = PBXBuildFile; productRef = D2294ECF2FB7A5FD00DDCA2A /* FirebaseStorage */; };
		D2294ED22FB7AD0F00DDCA2A /* FirebaseFirestore in Frameworks */ = {isa = PBXBuildFile; productRef = D2294ED12FB7AD0F00DDCA2A /* FirebaseFirestore */; };
		D2294ED42FB7F0A700DDCA2A /* ContentView.swift in Sources */ = {isa = PBXBuildFile; fileRef = D2294ED32FB7F0A700DDCA2A /* ContentView.swift */; };
		D2294ED62FB7F1CB00DDCA2A /* ContentViewModel.swift in Sources */ = {isa = PBXBuildFile; fileRef = D2294ED52FB7F1CB00DDCA2A /* ContentViewModel.swift */; };
		D2294ED82FB7F60500DDCA2A /* MessagesView.swift in Sources */ = {isa = PBXBuildFile; fileRef = D2294ED72FB7F60500DDCA2A /* MessagesView.swift */; };
		D2294EDA2FB7F66000DDCA2A /* MessagesViewModel.swift in Sources */ = {isa = PBXBuildFile; fileRef = D2294ED92FB7F66000DDCA2A /* MessagesViewModel.swift */; };
		D2294EDC2FB8997600DDCA2A /* ContactsView.swift in Sources */ = {isa = PBXBuildFile; fileRef = D2294EDB2FB8997600DDCA2A /* ContactsView.swift */; };
		D2294EDE2FB89D1B00DDCA2A /* ContactsViewModel.swift in Sources */ = {isa = PBXBuildFile; fileRef = D2294EDD2FB89D1B00DDCA2A /* ContactsViewModel.swift */; };
		D2294EE02FB89D5B00DDCA2A /* Contact.swift in Sources */ = {isa = PBXBuildFile; fileRef = D2294EDF2FB89D5B00DDCA2A /* Contact.swift */; };
		D2294EE22FB8A4AD00DDCA2A /* Message.swift in Sources */ = {isa = PBXBuildFile; fileRef = D2294EE12FB8A4AD00DDCA2A /* Message.swift */; };
		D2294EE42FB8A4F700DDCA2A /* ChatViewModel.swift in Sources */ = {isa = PBXBuildFile; fileRef = D2294EE32FB8A4F700DDCA2A /* ChatViewModel.swift */; };
		D2294EE62FB8A6E900DDCA2A /* ChatView.swift in Sources */ = {isa = PBXBuildFile; fileRef = D2294EE52FB8A6E900DDCA2A /* ChatView.swift */; };
		D26127DF2FB769D600CD7235 /* SignUpView.swift in Sources */ = {isa = PBXBuildFile; fileRef = D26127DE2FB769D600CD7235 /* SignUpView.swift */; };
		D26127E12FB76B8C00CD7235 /* SignUpViewModel.swift in Sources */ = {isa = PBXBuildFile; fileRef = D26127E02FB76B8C00CD7235 /* SignUpViewModel.swift */; };
/* End PBXBuildFile section */

/* Begin PBXFileReference section */
		9C0B9A3C270F691D00DF2B5F /* iChat.app */ = {isa = PBXFileReference; explicitFileType = wrapper.application; includeInIndex = 0; path = iChat.app; sourceTree = BUILT_PRODUCTS_DIR; };
		9C0B9A3F270F691D00DF2B5F /* iChatApp.swift */ = {isa = PBXFileReference; lastKnownFileType = sourcecode.swift; path = iChatApp.swift; sourceTree = "<group>"; };
		9C0B9A41270F691D00DF2B5F /* SignInView.swift */ = {isa = PBXFileReference; lastKnownFileType = sourcecode.swift; path = SignInView.swift; sourceTree = "<group>"; };
		9C0B9A43270F692100DF2B5F /* Assets.xcassets */ = {isa = PBXFileReference; lastKnownFileType = folder.assetcatalog; path = Assets.xcassets; sourceTree = "<group>"; };
		9C0B9A46270F692100DF2B5F /* Preview Assets.xcassets */ = {isa = PBXFileReference; lastKnownFileType = folder.assetcatalog; path = "Preview Assets.xcassets"; sourceTree = "<group>"; };
		D2194A6C2FB75E78009D20EF /* SignInViewModel.swift */ = {isa = PBXFileReference; lastKnownFileType = sourcecode.swift; path = SignInViewModel.swift; sourceTree = "<group>"; };
		D2294EC62FB77BE000DDCA2A /* GoogleService-Info.plist */ = {isa = PBXFileReference; lastKnownFileType = text.plist.xml; path = "GoogleService-Info.plist"; sourceTree = "<group>"; };
		D2294ECD2FB79FC200DDCA2A /* ImagePicker.swift */ = {isa = PBXFileReference; lastKnownFileType = sourcecode.swift; path = ImagePicker.swift; sourceTree = "<group>"; };
		D2294ED32FB7F0A700DDCA2A /* ContentView.swift */ = {isa = PBXFileReference; lastKnownFileType = sourcecode.swift; path = ContentView.swift; sourceTree = "<group>"; };
		D2294ED52FB7F1CB00DDCA2A /* ContentViewModel.swift */ = {isa = PBXFileReference; lastKnownFileType = sourcecode.swift; path = ContentViewModel.swift; sourceTree = "<group>"; };
		D2294ED72FB7F60500DDCA2A /* MessagesView.swift */ = {isa = PBXFileReference; lastKnownFileType = sourcecode.swift; path = MessagesView.swift; sourceTree = "<group>"; };
		D2294ED92FB7F66000DDCA2A /* MessagesViewModel.swift */ = {isa = PBXFileReference; lastKnownFileType = sourcecode.swift; path = MessagesViewModel.swift; sourceTree = "<group>"; };
		D2294EDB2FB8997600DDCA2A /* ContactsView.swift */ = {isa = PBXFileReference; lastKnownFileType = sourcecode.swift; path = ContactsView.swift; sourceTree = "<group>"; };
		D2294EDD2FB89D1B00DDCA2A /* ContactsViewModel.swift */ = {isa = PBXFileReference; lastKnownFileType = sourcecode.swift; path = ContactsViewModel.swift; sourceTree = "<group>"; };
		D2294EDF2FB89D5B00DDCA2A /* Contact.swift */ = {isa = PBXFileReference; lastKnownFileType = sourcecode.swift; path = Contact.swift; sourceTree = "<group>"; };
		D2294EE12FB8A4AD00DDCA2A /* Message.swift */ = {isa = PBXFileReference; lastKnownFileType = sourcecode.swift; path = Message.swift; sourceTree = "<group>"; };
		D2294EE32FB8A4F700DDCA2A /* ChatViewModel.swift */ = {isa = PBXFileReference; lastKnownFileType = sourcecode.swift; path = ChatViewModel.swift; sourceTree = "<group>"; };
		D2294EE52FB8A6E900DDCA2A /* ChatView.swift */ = {isa = PBXFileReference; lastKnownFileType = sourcecode.swift; path = ChatView.swift; sourceTree = "<group>"; };
		D2294EE72FB8C41D00DDCA2A /* Info.plist */ = {isa = PBXFileReference; lastKnownFileType = text.plist; path = Info.plist; sourceTree = "<group>"; };
		D26127DE2FB769D600CD7235 /* SignUpView.swift */ = {isa = PBXFileReference; lastKnownFileType = sourcecode.swift; path = SignUpView.swift; sourceTree = "<group>"; };
		D26127E02FB76B8C00CD7235 /* SignUpViewModel.swift */ = {isa = PBXFileReference; lastKnownFileType = sourcecode.swift; path = SignUpViewModel.swift; sourceTree = "<group>"; };
/* End PBXFileReference section */

/* Begin PBXFrameworksBuildPhase section */
		9C0B9A39270F691D00DF2B5F /* Frameworks */ = {
			isa = PBXFrameworksBuildPhase;
			buildActionMask = 2147483647;
			files = (
				D2294ECA2FB77E1400DDCA2A /* FirebaseCore in Frameworks */,
				D2294ED22FB7AD0F00DDCA2A /* FirebaseFirestore in Frameworks */,
				D2294ECC2FB77E9B00DDCA2A /* FirebaseAuth in Frameworks */,
				D2294ED02FB7A5FD00DDCA2A /* FirebaseStorage in Frameworks */,
			);
			runOnlyForDeploymentPostprocessing = 0;
		};
/* End PBXFrameworksBuildPhase section */

/* Begin PBXGroup section */
		9C0B9A33270F691D00DF2B5F = {
			isa = PBXGroup;
			children = (
				9C0B9A3E270F691D00DF2B5F /* iChat */,
				9C0B9A3D270F691D00DF2B5F /* Products */,
			);
			sourceTree = "<group>";
		};
		9C0B9A3D270F691D00DF2B5F /* Products */ = {
			isa = PBXGroup;
			children = (
				9C0B9A3C270F691D00DF2B5F /* iChat.app */,
			);
			name = Products;
			sourceTree = "<group>";
		};
		9C0B9A3E270F691D00DF2B5F /* iChat */ = {
			isa = PBXGroup;
			children = (
				D2294EE72FB8C41D00DDCA2A /* Info.plist */,
				D2294ECD2FB79FC200DDCA2A /* ImagePicker.swift */,
				D2294EC62FB77BE000DDCA2A /* GoogleService-Info.plist */,
				9C0B9A3F270F691D00DF2B5F /* iChatApp.swift */,
				9C0B9A41270F691D00DF2B5F /* SignInView.swift */,
				9C0B9A43270F692100DF2B5F /* Assets.xcassets */,
				9C0B9A45270F692100DF2B5F /* Preview Content */,
				D2194A6C2FB75E78009D20EF /* SignInViewModel.swift */,
				D26127DE2FB769D600CD7235 /* SignUpView.swift */,
				D26127E02FB76B8C00CD7235 /* SignUpViewModel.swift */,
				D2294ED32FB7F0A700DDCA2A /* ContentView.swift */,
				D2294ED52FB7F1CB00DDCA2A /* ContentViewModel.swift */,
				D2294ED72FB7F60500DDCA2A /* MessagesView.swift */,
				D2294ED92FB7F66000DDCA2A /* MessagesViewModel.swift */,
				D2294EDB2FB8997600DDCA2A /* ContactsView.swift */,
				D2294EDD2FB89D1B00DDCA2A /* ContactsViewModel.swift */,
				D2294EDF2FB89D5B00DDCA2A /* Contact.swift */,
				D2294EE12FB8A4AD00DDCA2A /* Message.swift */,
				D2294EE32FB8A4F700DDCA2A /* ChatViewModel.swift */,
				D2294EE52FB8A6E900DDCA2A /* ChatView.swift */,
			);
			path = iChat;
			sourceTree = "<group>";
		};
		9C0B9A45270F692100DF2B5F /* Preview Content */ = {
			isa = PBXGroup;
			children = (
				9C0B9A46270F692100DF2B5F /* Preview Assets.xcassets */,
			);
			path = "Preview Content";
			sourceTree = "<group>";
		};
/* End PBXGroup section */

/* Begin PBXNativeTarget section */
		9C0B9A3B270F691D00DF2B5F /* iChat */ = {
			isa = PBXNativeTarget;
			buildConfigurationList = 9C0B9A4A270F692100DF2B5F /* Build configuration list for PBXNativeTarget "iChat" */;
			buildPhases = (
				9C0B9A38270F691D00DF2B5F /* Sources */,
				9C0B9A39270F691D00DF2B5F /* Frameworks */,
				9C0B9A3A270F691D00DF2B5F /* Resources */,
			);
			buildRules = (
			);
			dependencies = (
			);
			name = iChat;
			productName = iChat;
			productReference = 9C0B9A3C270F691D00DF2B5F /* iChat.app */;
			productType = "com.apple.product-type.application";
		};
/* End PBXNativeTarget section */

/* Begin PBXProject section */
		9C0B9A34270F691D00DF2B5F /* Project object */ = {
			isa = PBXProject;
			attributes = {
				BuildIndependentTargetsInParallel = 1;
				LastSwiftUpdateCheck = 1300;
				LastUpgradeCheck = 2610;
				TargetAttributes = {
					9C0B9A3B270F691D00DF2B5F = {
						CreatedOnToolsVersion = 13.0;
					};
				};
			};
			buildConfigurationList = 9C0B9A37270F691D00DF2B5F /* Build configuration list for PBXProject "iChat" */;
			compatibilityVersion = "Xcode 13.0";
			developmentRegion = en;
			hasScannedForEncodings = 0;
			knownRegions = (
				en,
				Base,
			);
			mainGroup = 9C0B9A33270F691D00DF2B5F;
			packageReferences = (
				D2294EC82FB77C5B00DDCA2A /* XCRemoteSwiftPackageReference "firebase-ios-sdk" */,
			);
			productRefGroup = 9C0B9A3D270F691D00DF2B5F /* Products */;
			projectDirPath = "";
			projectRoot = "";
			targets = (
				9C0B9A3B270F691D00DF2B5F /* iChat */,
			);
		};
/* End PBXProject section */

/* Begin PBXResourcesBuildPhase section */
		9C0B9A3A270F691D00DF2B5F /* Resources */ = {
			isa = PBXResourcesBuildPhase;
			buildActionMask = 2147483647;
			files = (
				9C0B9A47270F692100DF2B5F /* Preview Assets.xcassets in Resources */,
				9C0B9A44270F692100DF2B5F /* Assets.xcassets in Resources */,
				D2294EC72FB77BE000DDCA2A /* GoogleService-Info.plist in Resources */,
			);
			runOnlyForDeploymentPostprocessing = 0;
		};
/* End PBXResourcesBuildPhase section */

/* Begin PBXSourcesBuildPhase section */
		9C0B9A38270F691D00DF2B5F /* Sources */ = {
			isa = PBXSourcesBuildPhase;
			buildActionMask = 2147483647;
			files = (
				D2294ED62FB7F1CB00DDCA2A /* ContentViewModel.swift in Sources */,
				D2294EDE2FB89D1B00DDCA2A /* ContactsViewModel.swift in Sources */,
				D26127DF2FB769D600CD7235 /* SignUpView.swift in Sources */,
				D2294EDA2FB7F66000DDCA2A /* MessagesViewModel.swift in Sources */,
				D2294EE62FB8A6E900DDCA2A /* ChatView.swift in Sources */,
				D2294ED82FB7F60500DDCA2A /* MessagesView.swift in Sources */,
				9C0B9A42270F691D00DF2B5F /* SignInView.swift in Sources */,
				D2294ED42FB7F0A700DDCA2A /* ContentView.swift in Sources */,
				D26127E12FB76B8C00CD7235 /* SignUpViewModel.swift in Sources */,
				D2294ECE2FB79FC200DDCA2A /* ImagePicker.swift in Sources */,
				9C0B9A40270F691D00DF2B5F /* iChatApp.swift in Sources */,
				D2294EE02FB89D5B00DDCA2A /* Contact.swift in Sources */,
				D2294EDC2FB8997600DDCA2A /* ContactsView.swift in Sources */,
				D2194A6D2FB75E78009D20EF /* SignInViewModel.swift in Sources */,
				D2294EE42FB8A4F700DDCA2A /* ChatViewModel.swift in Sources */,
				D2294EE22FB8A4AD00DDCA2A /* Message.swift in Sources */,
			);
			runOnlyForDeploymentPostprocessing = 0;
		};
/* End PBXSourcesBuildPhase section */

/* Begin XCBuildConfiguration section */
		9C0B9A48270F692100DF2B5F /* Debug */ = {
			isa = XCBuildConfiguration;
			buildSettings = {
				ALWAYS_SEARCH_USER_PATHS = NO;
				CLANG_ANALYZER_NONNULL = YES;
				CLANG_ANALYZER_NUMBER_OBJECT_CONVERSION = YES_AGGRESSIVE;
				CLANG_CXX_LANGUAGE_STANDARD = "gnu++17";
				CLANG_CXX_LIBRARY = "libc++";
				CLANG_ENABLE_MODULES = YES;
				CLANG_ENABLE_OBJC_ARC = YES;
				CLANG_ENABLE_OBJC_WEAK = YES;
				CLANG_WARN_BLOCK_CAPTURE_AUTORELEASING = YES;
				CLANG_WARN_BOOL_CONVERSION = YES;
				CLANG_WARN_COMMA = YES;
				CLANG_WARN_CONSTANT_CONVERSION = YES;
				CLANG_WARN_DEPRECATED_OBJC_IMPLEMENTATIONS = YES;
				CLANG_WARN_DIRECT_OBJC_ISA_USAGE = YES_ERROR;
				CLANG_WARN_DOCUMENTATION_COMMENTS = YES;
				CLANG_WARN_EMPTY_BODY = YES;
				CLANG_WARN_ENUM_CONVERSION = YES;
				CLANG_WARN_INFINITE_RECURSION = YES;
				CLANG_WARN_INT_CONVERSION = YES;
				CLANG_WARN_NON_LITERAL_NULL_CONVERSION = YES;
				CLANG_WARN_OBJC_IMPLICIT_RETAIN_SELF = YES;
				CLANG_WARN_OBJC_LITERAL_CONVERSION = YES;
				CLANG_WARN_OBJC_ROOT_CLASS = YES_ERROR;
				CLANG_WARN_QUOTED_INCLUDE_IN_FRAMEWORK_HEADER = YES;
				CLANG_WARN_RANGE_LOOP_ANALYSIS = YES;
				CLANG_WARN_STRICT_PROTOTYPES = YES;
				CLANG_WARN_SUSPICIOUS_MOVE = YES;
				CLANG_WARN_UNGUARDED_AVAILABILITY = YES_AGGRESSIVE;
				CLANG_WARN_UNREACHABLE_CODE = YES;
				CLANG_WARN__DUPLICATE_METHOD_MATCH = YES;
				COPY_PHASE_STRIP = NO;
				DEBUG_INFORMATION_FORMAT = dwarf;
				DEVELOPMENT_TEAM = V248ZWG78B;
				ENABLE_STRICT_OBJC_MSGSEND = YES;
				ENABLE_TESTABILITY = YES;
				ENABLE_USER_SCRIPT_SANDBOXING = YES;
				GCC_C_LANGUAGE_STANDARD = gnu11;
				GCC_DYNAMIC_NO_PIC = NO;
				GCC_NO_COMMON_BLOCKS = YES;
				GCC_OPTIMIZATION_LEVEL = 0;
				GCC_PREPROCESSOR_DEFINITIONS = (
					"DEBUG=1",
					"$(inherited)",
				);
				GCC_WARN_64_TO_32_BIT_CONVERSION = YES;
				GCC_WARN_ABOUT_RETURN_TYPE = YES_ERROR;
				GCC_WARN_UNDECLARED_SELECTOR = YES;
				GCC_WARN_UNINITIALIZED_AUTOS = YES_AGGRESSIVE;
				GCC_WARN_UNUSED_FUNCTION = YES;
				GCC_WARN_UNUSED_VARIABLE = YES;
				IPHONEOS_DEPLOYMENT_TARGET = 18.6;
				MTL_ENABLE_DEBUG_INFO = INCLUDE_SOURCE;
				MTL_FAST_MATH = YES;
				ONLY_ACTIVE_ARCH = YES;
				SDKROOT = iphoneos;
				STRING_CATALOG_GENERATE_SYMBOLS = YES;
				SWIFT_ACTIVE_COMPILATION_CONDITIONS = DEBUG;
				SWIFT_OPTIMIZATION_LEVEL = "-Onone";
			};
			name = Debug;
		};
		9C0B9A49270F692100DF2B5F /* Release */ = {
			isa = XCBuildConfiguration;
			buildSettings = {
				ALWAYS_SEARCH_USER_PATHS = NO;
				CLANG_ANALYZER_NONNULL = YES;
				CLANG_ANALYZER_NUMBER_OBJECT_CONVERSION = YES_AGGRESSIVE;
				CLANG_CXX_LANGUAGE_STANDARD = "gnu++17";
				CLANG_CXX_LIBRARY = "libc++";
				CLANG_ENABLE_MODULES = YES;
				CLANG_ENABLE_OBJC_ARC = YES;
				CLANG_ENABLE_OBJC_WEAK = YES;
				CLANG_WARN_BLOCK_CAPTURE_AUTORELEASING = YES;
				CLANG_WARN_BOOL_CONVERSION = YES;
				CLANG_WARN_COMMA = YES;
				CLANG_WARN_CONSTANT_CONVERSION = YES;
				CLANG_WARN_DEPRECATED_OBJC_IMPLEMENTATIONS = YES;
				CLANG_WARN_DIRECT_OBJC_ISA_USAGE = YES_ERROR;
				CLANG_WARN_DOCUMENTATION_COMMENTS = YES;
				CLANG_WARN_EMPTY_BODY = YES;
				CLANG_WARN_ENUM_CONVERSION = YES;
				CLANG_WARN_INFINITE_RECURSION = YES;
				CLANG_WARN_INT_CONVERSION = YES;
				CLANG_WARN_NON_LITERAL_NULL_CONVERSION = YES;
				CLANG_WARN_OBJC_IMPLICIT_RETAIN_SELF = YES;
				CLANG_WARN_OBJC_LITERAL_CONVERSION = YES;
				CLANG_WARN_OBJC_ROOT_CLASS = YES_ERROR;
				CLANG_WARN_QUOTED_INCLUDE_IN_FRAMEWORK_HEADER = YES;
				CLANG_WARN_RANGE_LOOP_ANALYSIS = YES;
				CLANG_WARN_STRICT_PROTOTYPES = YES;
				CLANG_WARN_SUSPICIOUS_MOVE = YES;
				CLANG_WARN_UNGUARDED_AVAILABILITY = YES_AGGRESSIVE;
				CLANG_WARN_UNREACHABLE_CODE = YES;
				CLANG_WARN__DUPLICATE_METHOD_MATCH = YES;
				COPY_PHASE_STRIP = NO;
				DEBUG_INFORMATION_FORMAT = "dwarf-with-dsym";
				DEVELOPMENT_TEAM = V248ZWG78B;
				ENABLE_NS_ASSERTIONS = NO;
				ENABLE_STRICT_OBJC_MSGSEND = YES;
				ENABLE_USER_SCRIPT_SANDBOXING = YES;
				GCC_C_LANGUAGE_STANDARD = gnu11;
				GCC_NO_COMMON_BLOCKS = YES;
				GCC_WARN_64_TO_32_BIT_CONVERSION = YES;
				GCC_WARN_ABOUT_RETURN_TYPE = YES_ERROR;
				GCC_WARN_UNDECLARED_SELECTOR = YES;
				GCC_WARN_UNINITIALIZED_AUTOS = YES_AGGRESSIVE;
				GCC_WARN_UNUSED_FUNCTION = YES;
				GCC_WARN_UNUSED_VARIABLE = YES;
				IPHONEOS_DEPLOYMENT_TARGET = 18.6;
				MTL_ENABLE_DEBUG_INFO = NO;
				MTL_FAST_MATH = YES;
				SDKROOT = iphoneos;
				STRING_CATALOG_GENERATE_SYMBOLS = YES;
				SWIFT_COMPILATION_MODE = wholemodule;
				SWIFT_OPTIMIZATION_LEVEL = "-O";
				VALIDATE_PRODUCT = YES;
			};
			name = Release;
		};
		9C0B9A4B270F692100DF2B5F /* Debug */ = {
			isa = XCBuildConfiguration;
			buildSettings = {
				ASSETCATALOG_COMPILER_APPICON_NAME = AppIcon;
				ASSETCATALOG_COMPILER_GLOBAL_ACCENT_COLOR_NAME = AccentColor;
				CODE_SIGN_IDENTITY = "Apple Development";
				CODE_SIGN_STYLE = Automatic;
				CURRENT_PROJECT_VERSION = 1;
				DEVELOPMENT_ASSET_PATHS = "\"iChat/Preview Content\"";
				ENABLE_PREVIEWS = YES;
				GENERATE_INFOPLIST_FILE = YES;
				INFOPLIST_FILE = iChat/Info.plist;
				INFOPLIST_KEY_LSApplicationCategoryType = "";
				INFOPLIST_KEY_UIApplicationSceneManifest_Generation = YES;
				INFOPLIST_KEY_UIApplicationSupportsIndirectInputEvents = YES;
				INFOPLIST_KEY_UILaunchScreen_Generation = YES;
				INFOPLIST_KEY_UISupportedInterfaceOrientations_iPad = "UIInterfaceOrientationPortrait UIInterfaceOrientationPortraitUpsideDown UIInterfaceOrientationLandscapeLeft UIInterfaceOrientationLandscapeRight";
				INFOPLIST_KEY_UISupportedInterfaceOrientations_iPhone = "UIInterfaceOrientationPortrait UIInterfaceOrientationLandscapeLeft UIInterfaceOrientationLandscapeRight";
				IPHONEOS_DEPLOYMENT_TARGET = 16.6;
				LD_RUNPATH_SEARCH_PATHS = (
					"$(inherited)",
					"@executable_path/Frameworks",
				);
				MARKETING_VERSION = 1.0;
				PRODUCT_BUNDLE_IDENTIFIER = fonseca.kaue.tutorial.iChat;
				PRODUCT_NAME = "$(TARGET_NAME)";
				PROVISIONING_PROFILE_SPECIFIER = "";
				SWIFT_EMIT_LOC_STRINGS = YES;
				SWIFT_VERSION = 5.0;
				TARGETED_DEVICE_FAMILY = "1,2";
			};
			name = Debug;
		};
		9C0B9A4C270F692100DF2B5F /* Release */ = {
			isa = XCBuildConfiguration;
			buildSettings = {
				ASSETCATALOG_COMPILER_APPICON_NAME = AppIcon;
				ASSETCATALOG_COMPILER_GLOBAL_ACCENT_COLOR_NAME = AccentColor;
				CODE_SIGN_IDENTITY = "Apple Development";
				CODE_SIGN_STYLE = Automatic;
				CURRENT_PROJECT_VERSION = 1;
				DEVELOPMENT_ASSET_PATHS = "\"iChat/Preview Content\"";
				ENABLE_PREVIEWS = YES;
				GENERATE_INFOPLIST_FILE = YES;
				INFOPLIST_FILE = iChat/Info.plist;
				INFOPLIST_KEY_LSApplicationCategoryType = "";
				INFOPLIST_KEY_UIApplicationSceneManifest_Generation = YES;
				INFOPLIST_KEY_UIApplicationSupportsIndirectInputEvents = YES;
				INFOPLIST_KEY_UILaunchScreen_Generation = YES;
				INFOPLIST_KEY_UISupportedInterfaceOrientations_iPad = "UIInterfaceOrientationPortrait UIInterfaceOrientationPortraitUpsideDown UIInterfaceOrientationLandscapeLeft UIInterfaceOrientationLandscapeRight";
				INFOPLIST_KEY_UISupportedInterfaceOrientations_iPhone = "UIInterfaceOrientationPortrait UIInterfaceOrientationLandscapeLeft UIInterfaceOrientationLandscapeRight";
				IPHONEOS_DEPLOYMENT_TARGET = 16.6;
				LD_RUNPATH_SEARCH_PATHS = (
					"$(inherited)",
					"@executable_path/Frameworks",
				);
				MARKETING_VERSION = 1.0;
				PRODUCT_BUNDLE_IDENTIFIER = fonseca.kaue.tutorial.iChat;
				PRODUCT_NAME = "$(TARGET_NAME)";
				PROVISIONING_PROFILE_SPECIFIER = "";
				SWIFT_EMIT_LOC_STRINGS = YES;
				SWIFT_VERSION = 5.0;
				TARGETED_DEVICE_FAMILY = "1,2";
			};
			name = Release;
		};
/* End XCBuildConfiguration section */

/* Begin XCConfigurationList section */
		9C0B9A37270F691D00DF2B5F /* Build configuration list for PBXProject "iChat" */ = {
			isa = XCConfigurationList;
			buildConfigurations = (
				9C0B9A48270F692100DF2B5F /* Debug */,
				9C0B9A49270F692100DF2B5F /* Release */,
			);
			defaultConfigurationIsVisible = 0;
			defaultConfigurationName = Release;
		};
		9C0B9A4A270F692100DF2B5F /* Build configuration list for PBXNativeTarget "iChat" */ = {
			isa = XCConfigurationList;
			buildConfigurations = (
				9C0B9A4B270F692100DF2B5F /* Debug */,
				9C0B9A4C270F692100DF2B5F /* Release */,
			);
			defaultConfigurationIsVisible = 0;
			defaultConfigurationName = Release;
		};
/* End XCConfigurationList section */

/* Begin XCRemoteSwiftPackageReference section */
		D2294EC82FB77C5B00DDCA2A /* XCRemoteSwiftPackageReference "firebase-ios-sdk" */ = {
			isa = XCRemoteSwiftPackageReference;
			repositoryURL = "https://github.com/firebase/firebase-ios-sdk";
			requirement = {
				kind = upToNextMajorVersion;
				minimumVersion = 12.13.0;
			};
		};
/* End XCRemoteSwiftPackageReference section */

/* Begin XCSwiftPackageProductDependency section */
		D2294EC92FB77E1400DDCA2A /* FirebaseCore */ = {
			isa = XCSwiftPackageProductDependency;
			package = D2294EC82FB77C5B00DDCA2A /* XCRemoteSwiftPackageReference "firebase-ios-sdk" */;
			productName = FirebaseCore;
		};
		D2294ECB2FB77E9B00DDCA2A /* FirebaseAuth */ = {
			isa = XCSwiftPackageProductDependency;
			package = D2294EC82FB77C5B00DDCA2A /* XCRemoteSwiftPackageReference "firebase-ios-sdk" */;
			productName = FirebaseAuth;
		};
		D2294ECF2FB7A5FD00DDCA2A /* FirebaseStorage */ = {
			isa = XCSwiftPackageProductDependency;
			package = D2294EC82FB77C5B00DDCA2A /* XCRemoteSwiftPackageReference "firebase-ios-sdk" */;
			productName = FirebaseStorage;
		};
		D2294ED12FB7AD0F00DDCA2A /* FirebaseFirestore */ = {
			isa = XCSwiftPackageProductDependency;
			package = D2294EC82FB77C5B00DDCA2A /* XCRemoteSwiftPackageReference "firebase-ios-sdk" */;
			productName = FirebaseFirestore;
		};
/* End XCSwiftPackageProductDependency section */
	};
	rootObject = 9C0B9A34270F691D00DF2B5F /* Project object */;
}
